
Microsoft Visual Studio Solution File, Format Version 12.00
# Visual Studio Version 17
VisualStudioVersion = 17.2.32616.157
MinimumVisualStudioVersion = 10.0.40219.1
Project("{FAE04EC0-301F-11D3-BF4B-00C04F79EFBC}") = "ConsoleApp1", "ConsoleApp1\ConsoleApp1.csproj", "{7019EB14-E1CB-457B-9E8A-1C30E793CCC1}"
EndProject
Global
	GlobalSection(SolutionConfigurationPlatforms) = preSolution
		Debug|Any CPU = Debug|Any CPU
		Release|Any CPU = Release|Any CPU
	EndGlobalSection
	GlobalSection(ProjectConfigurationPlatforms) = postSolution
		{7019EB14-E1CB-457B-9E8A-1C30E793CCC1}.Debug|Any CPU.ActiveCfg = Debug|Any CPU
		{7019EB14-E1CB-457B-9E8A-1C30E793CCC1}.Debug|Any CPU.Build.0 = Debug|Any CPU
		{7019EB14-E1CB-457B-9E8A-1C30E793CCC1}.Release|Any CPU.ActiveCfg = Release|Any CPU
		{7019EB14-E1CB-457B-9E8A-1C30E793CCC1}.Release|Any CPU.Build.0 = Release|Any CPU
	EndGlobalSection
	GlobalSection(SolutionProperties) = preSolution
		HideSolutionNode = FALSE
	EndGlobalSection
	GlobalSection(ExtensibilityGlobals) = postSolution
		SolutionGuid = {BD692651-7E22-44E5-B246-208D16AD2AEF}
	EndGlobalSection
EndGlobal
